
Microsoft Visual Studio Solution File, Format Version 10.00
# Visual Studio 2008
Project("{FAE04EC0-301F-11D3-BF4B-00C04F79EFBC}") = "PhotoToys", "PhotoToys\PhotoToys.csproj", "{3B6F9459-3B91-4066-B22C-1CEC9204F477}"
EndProject
Project("{54435603-DBB4-11D2-8724-00A0C9A8B90C}") = "ImageResizerPowertoySetup", "ImageResizerPowertoySetup\ImageResizerPowertoySetup.vdproj", "{4C677FFA-B909-4B18-B2E2-283C8461E3F2}"
EndProject
Global
	GlobalSection(SolutionConfigurationPlatforms) = preSolution
		Debug|Any CPU = Debug|Any CPU
		Release|Any CPU = Release|Any CPU
	EndGlobalSection
	GlobalSection(ProjectConfigurationPlatforms) = postSolution
		{3B6F9459-3B91-4066-B22C-1CEC9204F477}.Debug|Any CPU.ActiveCfg = Debug|Any CPU
		{3B6F9459-3B91-4066-B22C-1CEC9204F477}.Debug|Any CPU.Build.0 = Debug|Any CPU
		{3B6F9459-3B91-4066-B22C-1CEC9204F477}.Release|Any CPU.ActiveCfg = Release|Any CPU
		{3B6F9459-3B91-4066-B22C-1CEC9204F477}.Release|Any CPU.Build.0 = Release|Any CPU
		{4C677FFA-B909-4B18-B2E2-283C8461E3F2}.Debug|Any CPU.ActiveCfg = Debug
		{4C677FFA-B909-4B18-B2E2-283C8461E3F2}.Release|Any CPU.ActiveCfg = Release
	EndGlobalSection
	GlobalSection(SolutionProperties) = preSolution
		HideSolutionNode = FALSE
	EndGlobalSection
EndGlobal
